
Microsoft Visual Studio Solution File, Format Version 12.00
# Visual Studio Version 17
VisualStudioVersion = 17.9.34607.119
MinimumVisualStudioVersion = 10.0.40219.1
Project("{FAE04EC0-301F-11D3-BF4B-00C04F79EFBC}") = "SemanticTodo.Server", "SemanticTodo.Server\SemanticTodo.Server.csproj", "{05D13459-8416-44A6-802D-879354FE66B9}"
EndProject
Project("{54A90642-561A-4BB1-A94E-469ADEE60C69}") = "semantictodo.client", "semantictodo.client\semantictodo.client.esproj", "{9C0C7AED-EEC7-487D-A802-37E578DC935A}"
EndProject
Global
	GlobalSection(SolutionConfigurationPlatforms) = preSolution
		Debug|Any CPU = Debug|Any CPU
		Release|Any CPU = Release|Any CPU
	EndGlobalSection
	GlobalSection(ProjectConfigurationPlatforms) = postSolution
		{05D13459-8416-44A6-802D-879354FE66B9}.Debug|Any CPU.ActiveCfg = Debug|Any CPU
		{05D13459-8416-44A6-802D-879354FE66B9}.Debug|Any CPU.Build.0 = Debug|Any CPU
		{05D13459-8416-44A6-802D-879354FE66B9}.Release|Any CPU.ActiveCfg = Release|Any CPU
		{05D13459-8416-44A6-802D-879354FE66B9}.Release|Any CPU.Build.0 = Release|Any CPU
		{9C0C7AED-EEC7-487D-A802-37E578DC935A}.Debug|Any CPU.ActiveCfg = Debug|Any CPU
		{9C0C7AED-EEC7-487D-A802-37E578DC935A}.Debug|Any CPU.Build.0 = Debug|Any CPU
		{9C0C7AED-EEC7-487D-A802-37E578DC935A}.Debug|Any CPU.Deploy.0 = Debug|Any CPU
		{9C0C7AED-EEC7-487D-A802-37E578DC935A}.Release|Any CPU.ActiveCfg = Release|Any CPU
		{9C0C7AED-EEC7-487D-A802-37E578DC935A}.Release|Any CPU.Build.0 = Release|Any CPU
		{9C0C7AED-EEC7-487D-A802-37E578DC935A}.Release|Any CPU.Deploy.0 = Release|Any CPU
	EndGlobalSection
	GlobalSection(SolutionProperties) = preSolution
		HideSolutionNode = FALSE
	EndGlobalSection
	GlobalSection(ExtensibilityGlobals) = postSolution
		SolutionGuid = {21A62001-11A0-45A2-A60F-1E03CCBB92FC}
	EndGlobalSection
EndGlobal
